
Microsoft Visual Studio Solution File, Format Version 12.00
# Visual Studio Version 16
VisualStudioVersion = 16.0.28803.202
MinimumVisualStudioVersion = 10.0.40219.1
Project("{FAE04EC0-301F-11D3-BF4B-00C04F79EFBC}") = "PacMouse", "PacMouse\PacMouse.csproj", "{5ACDF905-EFB8-4F38-9C6B-53296E1FABCC}"
EndProject
Global
	GlobalSection(SolutionConfigurationPlatforms) = preSolution
		Debug|Any CPU = Debug|Any CPU
		Release|Any CPU = Release|Any CPU
	EndGlobalSection
	GlobalSection(ProjectConfigurationPlatforms) = postSolution
		{5ACDF905-EFB8-4F38-9C6B-53296E1FABCC}.Debug|Any CPU.ActiveCfg = Debug|Any CPU
		{5ACDF905-EFB8-4F38-9C6B-53296E1FABCC}.Debug|Any CPU.Build.0 = Debug|Any CPU
		{5ACDF905-EFB8-4F38-9C6B-53296E1FABCC}.Release|Any CPU.ActiveCfg = Release|Any CPU
		{5ACDF905-EFB8-4F38-9C6B-53296E1FABCC}.Release|Any CPU.Build.0 = Release|Any CPU
	EndGlobalSection
	GlobalSection(SolutionProperties) = preSolution
		HideSolutionNode = FALSE
	EndGlobalSection
	GlobalSection(ExtensibilityGlobals) = postSolution
		SolutionGuid = {90BF0923-D2B1-4C8B-9E64-2A36366A3705}
	EndGlobalSection
EndGlobal
